
Microsoft Visual Studio Solution File, Format Version 12.00
# Visual Studio Version 16
VisualStudioVersion = 16.0.30204.135
MinimumVisualStudioVersion = 10.0.40219.1
Project("{FAE04EC0-301F-11D3-BF4B-00C04F79EFBC}") = "HelloWorldUserEB", "HelloWorldUserEB\HelloWorldUserEB.csproj", "{216D1FA1-66FA-454B-B56F-2F43C0C5736E}"
EndProject
Project("{FAE04EC0-301F-11D3-BF4B-00C04F79EFBC}") = "Test_HelloWorld", "Test_HelloWorld\Test_HelloWorld.csproj", "{EB527C33-CF48-4C69-A048-AF859B8F2A68}"
EndProject
Global
	GlobalSection(SolutionConfigurationPlatforms) = preSolution
		Debug|Any CPU = Debug|Any CPU
		Release|Any CPU = Release|Any CPU
	EndGlobalSection
	GlobalSection(ProjectConfigurationPlatforms) = postSolution
		{216D1FA1-66FA-454B-B56F-2F43C0C5736E}.Debug|Any CPU.ActiveCfg = Debug|Any CPU
		{216D1FA1-66FA-454B-B56F-2F43C0C5736E}.Debug|Any CPU.Build.0 = Debug|Any CPU
		{216D1FA1-66FA-454B-B56F-2F43C0C5736E}.Release|Any CPU.ActiveCfg = Release|Any CPU
		{216D1FA1-66FA-454B-B56F-2F43C0C5736E}.Release|Any CPU.Build.0 = Release|Any CPU
		{EB527C33-CF48-4C69-A048-AF859B8F2A68}.Debug|Any CPU.ActiveCfg = Debug|Any CPU
		{EB527C33-CF48-4C69-A048-AF859B8F2A68}.Debug|Any CPU.Build.0 = Debug|Any CPU
		{EB527C33-CF48-4C69-A048-AF859B8F2A68}.Release|Any CPU.ActiveCfg = Release|Any CPU
		{EB527C33-CF48-4C69-A048-AF859B8F2A68}.Release|Any CPU.Build.0 = Release|Any CPU
	EndGlobalSection
	GlobalSection(SolutionProperties) = preSolution
		HideSolutionNode = FALSE
	EndGlobalSection
	GlobalSection(ExtensibilityGlobals) = postSolution
		SolutionGuid = {820314A5-F31C-438A-83FB-EAD14618B185}
	EndGlobalSection
EndGlobal
